<Solution>
  <Folder Name="/DataLayer/">
    <Project Path="POS.DataLayer/POS.DataLayer.csproj" />
  </Folder>
  <Folder Name="/Interfaces/">
    <Project Path="POS.Interface/POS.Interface.csproj" />
  </Folder>
  <Folder Name="/ServiceLayer/">
    <Project Path="POS.Service/POS.Service.csproj" />
  </Folder>
  <Folder Name="/Solution Items/">
    <File Path=".gitignore" />
    <File Path="LICENSE.txt" />
    <File Path="readme.md" />
  </Folder>
  <Project Path="POS.system/POS.system.csproj" />
</Solution>
